sdk: ^2.0.0-alpha.170
prefixes:
  font_clock: ..
  host: pkg-host
  pixel_display: toit-pixel-display
  png_display: toit-png-display
packages:
  ..:
    path: ..
  pkg-host:
    url: github.com/toitlang/pkg-host
    name: host
    version: 1.16.2
    hash: ae83f761db80166a20bb38498edd009916b72563
  toit-pixel-display:
    url: github.com/toitware/toit-pixel-display
    name: pixel_display
    version: 2.11.0
    hash: 59a4be9f0e6aa2321c6a032da44776f59af364b5
    prefixes:
      png-tools: toit-png-tools
  toit-png-display:
    url: github.com/toitware/toit-png-display
    name: png_display
    version: 1.0.1
    hash: c9a6ff7db06d1d284dfb23756731f4144e1fdd64
    prefixes:
      pixel_display: toit-pixel-display
  toit-png-tools:
    url: github.com/toitware/toit-png-tools
    name: png-tools
    version: 1.0.0
    hash: ee472ac9d4333a138206f9d3a817d3c5432d6f87
