sdk: ^2.0.0-alpha.92
prefixes:
  font_clock: ..
  host: pkg-host
  pixel_display: toit-pixel-display
  png_display: toit-png-display
packages:
  ..:
    path: ..
  pkg-host:
    url: github.com/toitlang/pkg-host
    name: host
    version: 1.5.1
    hash: ed7eb8721af5cba916da3c37b4afac13c1579ed1
  toit-pixel-display:
    url: github.com/toitware/toit-pixel-display
    name: pixel_display
    version: 1.6.0
    hash: 39de82f680e27961e39ca24ba94520f21759370c
  toit-png-display:
    url: github.com/toitware/toit-png-display
    name: png_display
    version: 0.3.0
    hash: 44fe24cf6e3a499a3bbe3e143d587c02579744a9
    prefixes:
      pixel_display: toit-pixel-display
